
Microsoft Visual Studio Solution File, Format Version 12.00
# Visual Studio Version 16
VisualStudioVersion = 16.0.30621.155
MinimumVisualStudioVersion = 10.0.40219.1
Project("{FAE04EC0-301F-11D3-BF4B-00C04F79EFBC}") = "Fundamentals.Android", "Fundamentals.Android\Fundamentals.Android.csproj", "{41DC74F1-6AAC-4D1E-A66F-6FD200779A66}"
EndProject
Project("{FAE04EC0-301F-11D3-BF4B-00C04F79EFBC}") = "Fundamentals.iOS", "Fundamentals.iOS\Fundamentals.iOS.csproj", "{796CC19F-FB85-4EF5-AF8F-0F8D74969415}"
EndProject
Project("{FAE04EC0-301F-11D3-BF4B-00C04F79EFBC}") = "Fundamentals", "Fundamentals\Fundamentals.csproj", "{863BC822-99E0-4ABF-A502-5DF65E6DDA9A}"
EndProject
Global
	GlobalSection(SolutionConfigurationPlatforms) = preSolution
		Debug|Any CPU = Debug|Any CPU
		Debug|iPhone = Debug|iPhone
		Debug|iPhoneSimulator = Debug|iPhoneSimulator
		Release|Any CPU = Release|Any CPU
		Release|iPhone = Release|iPhone
		Release|iPhoneSimulator = Release|iPhoneSimulator
	EndGlobalSection
	GlobalSection(ProjectConfigurationPlatforms) = postSolution
		{41DC74F1-6AAC-4D1E-A66F-6FD200779A66}.Debug|Any CPU.ActiveCfg = Debug|Any CPU
		{41DC74F1-6AAC-4D1E-A66F-6FD200779A66}.Debug|Any CPU.Build.0 = Debug|Any CPU
		{41DC74F1-6AAC-4D1E-A66F-6FD200779A66}.Debug|Any CPU.Deploy.0 = Debug|Any CPU
		{41DC74F1-6AAC-4D1E-A66F-6FD200779A66}.Debug|iPhone.ActiveCfg = Debug|Any CPU
		{41DC74F1-6AAC-4D1E-A66F-6FD200779A66}.Debug|iPhone.Build.0 = Debug|Any CPU
		{41DC74F1-6AAC-4D1E-A66F-6FD200779A66}.Debug|iPhone.Deploy.0 = Debug|Any CPU
		{41DC74F1-6AAC-4D1E-A66F-6FD200779A66}.Debug|iPhoneSimulator.ActiveCfg = Debug|Any CPU
		{41DC74F1-6AAC-4D1E-A66F-6FD200779A66}.Debug|iPhoneSimulator.Build.0 = Debug|Any CPU
		{41DC74F1-6AAC-4D1E-A66F-6FD200779A66}.Debug|iPhoneSimulator.Deploy.0 = Debug|Any CPU
		{41DC74F1-6AAC-4D1E-A66F-6FD200779A66}.Release|Any CPU.ActiveCfg = Release|Any CPU
		{41DC74F1-6AAC-4D1E-A66F-6FD200779A66}.Release|Any CPU.Build.0 = Release|Any CPU
		{41DC74F1-6AAC-4D1E-A66F-6FD200779A66}.Release|Any CPU.Deploy.0 = Release|Any CPU
		{41DC74F1-6AAC-4D1E-A66F-6FD200779A66}.Release|iPhone.ActiveCfg = Release|Any CPU
		{41DC74F1-6AAC-4D1E-A66F-6FD200779A66}.Release|iPhone.Build.0 = Release|Any CPU
		{41DC74F1-6AAC-4D1E-A66F-6FD200779A66}.Release|iPhone.Deploy.0 = Release|Any CPU
		{41DC74F1-6AAC-4D1E-A66F-6FD200779A66}.Release|iPhoneSimulator.ActiveCfg = Release|Any CPU
		{41DC74F1-6AAC-4D1E-A66F-6FD200779A66}.Release|iPhoneSimulator.Build.0 = Release|Any CPU
		{41DC74F1-6AAC-4D1E-A66F-6FD200779A66}.Release|iPhoneSimulator.Deploy.0 = Release|Any CPU
		{796CC19F-FB85-4EF5-AF8F-0F8D74969415}.Debug|Any CPU.ActiveCfg = Debug|iPhone
		{796CC19F-FB85-4EF5-AF8F-0F8D74969415}.Debug|Any CPU.Build.0 = Debug|iPhone
		{796CC19F-FB85-4EF5-AF8F-0F8D74969415}.Debug|Any CPU.Deploy.0 = Debug|iPhone
		{796CC19F-FB85-4EF5-AF8F-0F8D74969415}.Debug|iPhone.ActiveCfg = Debug|iPhone
		{796CC19F-FB85-4EF5-AF8F-0F8D74969415}.Debug|iPhone.Build.0 = Debug|iPhone
		{796CC19F-FB85-4EF5-AF8F-0F8D74969415}.Debug|iPhone.Deploy.0 = Debug|iPhone
		{796CC19F-FB85-4EF5-AF8F-0F8D74969415}.Debug|iPhoneSimulator.ActiveCfg = Debug|iPhoneSimulator
		{796CC19F-FB85-4EF5-AF8F-0F8D74969415}.Debug|iPhoneSimulator.Build.0 = Debug|iPhoneSimulator
		{796CC19F-FB85-4EF5-AF8F-0F8D74969415}.Debug|iPhoneSimulator.Deploy.0 = Debug|iPhoneSimulator
		{796CC19F-FB85-4EF5-AF8F-0F8D74969415}.Release|Any CPU.ActiveCfg = Release|iPhoneSimulator
		{796CC19F-FB85-4EF5-AF8F-0F8D74969415}.Release|Any CPU.Build.0 = Release|iPhoneSimulator
		{796CC19F-FB85-4EF5-AF8F-0F8D74969415}.Release|Any CPU.Deploy.0 = Release|iPhoneSimulator
		{796CC19F-FB85-4EF5-AF8F-0F8D74969415}.Release|iPhone.ActiveCfg = Release|iPhone
		{796CC19F-FB85-4EF5-AF8F-0F8D74969415}.Release|iPhone.Build.0 = Release|iPhone
		{796CC19F-FB85-4EF5-AF8F-0F8D74969415}.Release|iPhone.Deploy.0 = Release|iPhone
		{796CC19F-FB85-4EF5-AF8F-0F8D74969415}.Release|iPhoneSimulator.ActiveCfg = Release|iPhoneSimulator
		{796CC19F-FB85-4EF5-AF8F-0F8D74969415}.Release|iPhoneSimulator.Build.0 = Release|iPhoneSimulator
		{796CC19F-FB85-4EF5-AF8F-0F8D74969415}.Release|iPhoneSimulator.Deploy.0 = Release|iPhoneSimulator
		{863BC822-99E0-4ABF-A502-5DF65E6DDA9A}.Debug|Any CPU.ActiveCfg = Debug|Any CPU
		{863BC822-99E0-4ABF-A502-5DF65E6DDA9A}.Debug|Any CPU.Build.0 = Debug|Any CPU
		{863BC822-99E0-4ABF-A502-5DF65E6DDA9A}.Debug|Any CPU.Deploy.0 = Debug|Any CPU
		{863BC822-99E0-4ABF-A502-5DF65E6DDA9A}.Debug|iPhone.ActiveCfg = Debug|Any CPU
		{863BC822-99E0-4ABF-A502-5DF65E6DDA9A}.Debug|iPhone.Build.0 = Debug|Any CPU
		{863BC822-99E0-4ABF-A502-5DF65E6DDA9A}.Debug|iPhone.Deploy.0 = Debug|Any CPU
		{863BC822-99E0-4ABF-A502-5DF65E6DDA9A}.Debug|iPhoneSimulator.ActiveCfg = Debug|Any CPU
		{863BC822-99E0-4ABF-A502-5DF65E6DDA9A}.Debug|iPhoneSimulator.Build.0 = Debug|Any CPU
		{863BC822-99E0-4ABF-A502-5DF65E6DDA9A}.Debug|iPhoneSimulator.Deploy.0 = Debug|Any CPU
		{863BC822-99E0-4ABF-A502-5DF65E6DDA9A}.Release|Any CPU.ActiveCfg = Release|Any CPU
		{863BC822-99E0-4ABF-A502-5DF65E6DDA9A}.Release|Any CPU.Build.0 = Release|Any CPU
		{863BC822-99E0-4ABF-A502-5DF65E6DDA9A}.Release|Any CPU.Deploy.0 = Release|Any CPU
		{863BC822-99E0-4ABF-A502-5DF65E6DDA9A}.Release|iPhone.ActiveCfg = Release|Any CPU
		{863BC822-99E0-4ABF-A502-5DF65E6DDA9A}.Release|iPhone.Build.0 = Release|Any CPU
		{863BC822-99E0-4ABF-A502-5DF65E6DDA9A}.Release|iPhone.Deploy.0 = Release|Any CPU
		{863BC822-99E0-4ABF-A502-5DF65E6DDA9A}.Release|iPhoneSimulator.ActiveCfg = Release|Any CPU
		{863BC822-99E0-4ABF-A502-5DF65E6DDA9A}.Release|iPhoneSimulator.Build.0 = Release|Any CPU
		{863BC822-99E0-4ABF-A502-5DF65E6DDA9A}.Release|iPhoneSimulator.Deploy.0 = Release|Any CPU
	EndGlobalSection
	GlobalSection(SolutionProperties) = preSolution
		HideSolutionNode = FALSE
	EndGlobalSection
	GlobalSection(ExtensibilityGlobals) = postSolution
		SolutionGuid = {E19CCF9E-183D-4E15-882A-0AEC4D1AA62D}
	EndGlobalSection
EndGlobal
